# THIS IS AN AUTOGENERATED FILE. DO NOT EDIT THIS FILE DIRECTLY.
# yarn lockfile v1


base64-arraybuffer@^0.2.0:
  version "0.2.0"
  resolved "https://registry.yarnpkg.com/base64-arraybuffer/-/base64-arraybuffer-0.2.0.tgz#4b944fac0191aa5907afe2d8c999ccc57ce80f45"
  integrity sha512-7emyCsu1/xiBXgQZrscw/8KPRT44I4Yq9Pe6EGs3aPRTsWuggML1/1DTuZUuIaJPIm1FTDUVXl4x/yW8s0kQDQ==

css-line-break@1.1.1:
  version "1.1.1"
  resolved "https://registry.yarnpkg.com/css-line-break/-/css-line-break-1.1.1.tgz#d5e9bdd297840099eb0503c7310fd34927a026ef"
  integrity sha512-1feNVaM4Fyzdj4mKPIQNL2n70MmuYzAXZ1aytlROFX1JsOo070OsugwGjj7nl6jnDJWHDM8zRZswkmeYVWZJQA==
  dependencies:
    base64-arraybuffer "^0.2.0"

html2canvas@^1.0.0-rc.3:
  version "1.0.0-rc.3"
  resolved "https://registry.yarnpkg.com/html2canvas/-/html2canvas-1.0.0-rc.3.tgz#1de88b073f6bcaa6954ca1edfb46da13b258b038"
  integrity sha512-nWRk34IO3QopcDYpiPAbRW6VoI10H7uxEhcSFjox0JB6wZOMd6Mak+NqHPLljSFFEOvBjPafyRgcHnuWcFpWvg==
  dependencies:
    css-line-break "1.1.1"
